
Microsoft Visual Studio Solution File, Format Version 12.00
# Visual Studio Version 16
VisualStudioVersion = 16.0.30907.101
MinimumVisualStudioVersion = 10.0.40219.1
Project("{FAE04EC0-301F-11D3-BF4B-00C04F79EFBC}") = "MyDictionaryDemo", "MyDictionaryDemo\MyDictionaryDemo.csproj", "{0A481C76-1013-42C8-80CB-9E2380ED623F}"
EndProject
Global
	GlobalSection(SolutionConfigurationPlatforms) = preSolution
		Debug|Any CPU = Debug|Any CPU
		Release|Any CPU = Release|Any CPU
	EndGlobalSection
	GlobalSection(ProjectConfigurationPlatforms) = postSolution
		{0A481C76-1013-42C8-80CB-9E2380ED623F}.Debug|Any CPU.ActiveCfg = Debug|Any CPU
		{0A481C76-1013-42C8-80CB-9E2380ED623F}.Debug|Any CPU.Build.0 = Debug|Any CPU
		{0A481C76-1013-42C8-80CB-9E2380ED623F}.Release|Any CPU.ActiveCfg = Release|Any CPU
		{0A481C76-1013-42C8-80CB-9E2380ED623F}.Release|Any CPU.Build.0 = Release|Any CPU
	EndGlobalSection
	GlobalSection(SolutionProperties) = preSolution
		HideSolutionNode = FALSE
	EndGlobalSection
	GlobalSection(ExtensibilityGlobals) = postSolution
		SolutionGuid = {9FDF4565-32D8-47F1-8A0B-6DE34F9A28D9}
	EndGlobalSection
EndGlobal
